// !$*UTF8*$!
{
	archiveVersion = 1;
	classes = {
	};
	objectVersion = 46;
	objects = {

/* Begin PBXBuildFile section */
		0091D8F90E81B9330029341E /* OpenGL.framework in Frameworks */ = {isa = PBXBuildFile; fileRef = 0091D8F80E81B9330029341E /* OpenGL.framework */; };
		00B784B30FF439BC000DE1D7 /* Accelerate.framework in Frameworks */ = {isa = PBXBuildFile; fileRef = 00B784AF0FF439BC000DE1D7 /* Accelerate.framework */; };
		00B784B40FF439BC000DE1D7 /* AudioToolbox.framework in Frameworks */ = {isa = PBXBuildFile; fileRef = 00B784B00FF439BC000DE1D7 /* AudioToolbox.framework */; };
		00B784B50FF439BC000DE1D7 /* AudioUnit.framework in Frameworks */ = {isa = PBXBuildFile; fileRef = 00B784B10FF439BC000DE1D7 /* AudioUnit.framework */; };
		00B784B60FF439BC000DE1D7 /* CoreAudio.framework in Frameworks */ = {isa = PBXBuildFile; fileRef = 00B784B20FF439BC000DE1D7 /* CoreAudio.framework */; };
		2D2A5A2BC34D4ADF8C548077 /* CinderApp.icns in Resources */ = {isa = PBXBuildFile; fileRef = 526114993F034EFEAD0FF5B3 /* CinderApp.icns */; };
		498566431A0C917B00A76295 /* SegmentDisplay.cpp in Sources */ = {isa = PBXBuildFile; fileRef = 498566421A0C917B00A76295 /* SegmentDisplay.cpp */; };
		49AEF2A91BCA119E00BDBD68 /* IOSurface.framework in Frameworks */ = {isa = PBXBuildFile; fileRef = 49AEF2A81BCA119E00BDBD68 /* IOSurface.framework */; };
		49AEF2AB1BCA11A800BDBD68 /* IOKit.framework in Frameworks */ = {isa = PBXBuildFile; fileRef = 49AEF2AA1BCA11A800BDBD68 /* IOKit.framework */; };
		49AEF2AD1BCA11B000BDBD68 /* AVFoundation.framework in Frameworks */ = {isa = PBXBuildFile; fileRef = 49AEF2AC1BCA11B000BDBD68 /* AVFoundation.framework */; };
		49AEF2AF1BCA11B900BDBD68 /* CoreMedia.framework in Frameworks */ = {isa = PBXBuildFile; fileRef = 49AEF2AE1BCA11B900BDBD68 /* CoreMedia.framework */; };
		49C8F2821A0DD15100AE0DF4 /* Ship.cpp in Sources */ = {isa = PBXBuildFile; fileRef = 49C8F2801A0DD15100AE0DF4 /* Ship.cpp */; };
		49FBDEF41A03FB5F0019CAB2 /* usa.png in Resources */ = {isa = PBXBuildFile; fileRef = 49FBDEF31A03FB5F0019CAB2 /* usa.png */; };
		5323E6B20EAFCA74003A9687 /* CoreVideo.framework in Frameworks */ = {isa = PBXBuildFile; fileRef = 5323E6B10EAFCA74003A9687 /* CoreVideo.framework */; };
		5F6D63511A53193E001004EC /* frag.glsl in Resources */ = {isa = PBXBuildFile; fileRef = 5F6D634E1A53193E001004EC /* frag.glsl */; };
		5F6D63521A53193E001004EC /* usa-square.png in Resources */ = {isa = PBXBuildFile; fileRef = 5F6D634F1A53193E001004EC /* usa-square.png */; };
		5F6D63531A53193E001004EC /* vert.glsl in Resources */ = {isa = PBXBuildFile; fileRef = 5F6D63501A53193E001004EC /* vert.glsl */; };
		5F72461F1C2C8D0300D11BC0 /* segment.frag in Resources */ = {isa = PBXBuildFile; fileRef = 5F72461D1C2C8D0300D11BC0 /* segment.frag */; };
		5F7246201C2C8D0300D11BC0 /* segment.vert in Resources */ = {isa = PBXBuildFile; fileRef = 5F72461E1C2C8D0300D11BC0 /* segment.vert */; };
		8D11072F0486CEB800E47090 /* Cocoa.framework in Frameworks */ = {isa = PBXBuildFile; fileRef = 1058C7A1FEA54F0111CA2CBB /* Cocoa.framework */; };
		C42E9BA72DCF4A808AD3154F /* AlienLanderApp.cpp in Sources */ = {isa = PBXBuildFile; fileRef = FF73BB1805134F7BB644E5AA /* AlienLanderApp.cpp */; };
/* End PBXBuildFile section */

/* Begin PBXFileReference section */
		0091D8F80E81B9330029341E /* OpenGL.framework */ = {isa = PBXFileReference; lastKnownFileType = wrapper.framework; name = OpenGL.framework; path = /System/Library/Frameworks/OpenGL.framework; sourceTree = "<absolute>"; };
		00B784AF0FF439BC000DE1D7 /* Accelerate.framework */ = {isa = PBXFileReference; lastKnownFileType = wrapper.framework; name = Accelerate.framework; path = System/Library/Frameworks/Accelerate.framework; sourceTree = SDKROOT; };
		00B784B00FF439BC000DE1D7 /* AudioToolbox.framework */ = {isa = PBXFileReference; lastKnownFileType = wrapper.framework; name = AudioToolbox.framework; path = System/Library/Frameworks/AudioToolbox.framework; sourceTree = SDKROOT; };
		00B784B10FF439BC000DE1D7 /* AudioUnit.framework */ = {isa = PBXFileReference; lastKnownFileType = wrapper.framework; name = AudioUnit.framework; path = System/Library/Frameworks/AudioUnit.framework; sourceTree = SDKROOT; };
		00B784B20FF439BC000DE1D7 /* CoreAudio.framework */ = {isa = PBXFileReference; lastKnownFileType = wrapper.framework; name = CoreAudio.framework; path = System/Library/Frameworks/CoreAudio.framework; sourceTree = SDKROOT; };
		1058C7A1FEA54F0111CA2CBB /* Cocoa.framework */ = {isa = PBXFileReference; lastKnownFileType = wrapper.framework; name = Cocoa.framework; path = /System/Library/Frameworks/Cocoa.framework; sourceTree = "<absolute>"; };
		191AC45670D244B4BECCEE81 /* Resources.h */ = {isa = PBXFileReference; lastKnownFileType = sourcecode.c.h; name = Resources.h; path = ../include/Resources.h; sourceTree = "<group>"; };
		29B97324FDCFA39411CA2CEA /* AppKit.framework */ = {isa = PBXFileReference; lastKnownFileType = wrapper.framework; name = AppKit.framework; path = /System/Library/Frameworks/AppKit.framework; sourceTree = "<absolute>"; };
		29B97325FDCFA39411CA2CEA /* Foundation.framework */ = {isa = PBXFileReference; lastKnownFileType = wrapper.framework; name = Foundation.framework; path = /System/Library/Frameworks/Foundation.framework; sourceTree = "<absolute>"; };
		498566411A0C917100A76295 /* SegmentDisplay.h */ = {isa = PBXFileReference; fileEncoding = 4; lastKnownFileType = sourcecode.c.h; name = SegmentDisplay.h; path = ../include/SegmentDisplay.h; sourceTree = "<group>"; };
		498566421A0C917B00A76295 /* SegmentDisplay.cpp */ = {isa = PBXFileReference; fileEncoding = 4; lastKnownFileType = sourcecode.cpp.cpp; name = SegmentDisplay.cpp; path = ../src/SegmentDisplay.cpp; sourceTree = "<group>"; };
		49AEF2A81BCA119E00BDBD68 /* IOSurface.framework */ = {isa = PBXFileReference; lastKnownFileType = wrapper.framework; name = IOSurface.framework; path = System/Library/Frameworks/IOSurface.framework; sourceTree = SDKROOT; };
		49AEF2AA1BCA11A800BDBD68 /* IOKit.framework */ = {isa = PBXFileReference; lastKnownFileType = wrapper.framework; name = IOKit.framework; path = System/Library/Frameworks/IOKit.framework; sourceTree = SDKROOT; };
		49AEF2AC1BCA11B000BDBD68 /* AVFoundation.framework */ = {isa = PBXFileReference; lastKnownFileType = wrapper.framework; name = AVFoundation.framework; path = System/Library/Frameworks/AVFoundation.framework; sourceTree = SDKROOT; };
		49AEF2AE1BCA11B900BDBD68 /* CoreMedia.framework */ = {isa = PBXFileReference; lastKnownFileType = wrapper.framework; name = CoreMedia.framework; path = System/Library/Frameworks/CoreMedia.framework; sourceTree = SDKROOT; };
		49BFFD9E1A08A24E009085F3 /* usa-full.png */ = {isa = PBXFileReference; lastKnownFileType = image.png; name = "usa-full.png"; path = "../resources/usa-full.png"; sourceTree = "<group>"; };
		49BFFDA01A08A727009085F3 /* moon-big.png */ = {isa = PBXFileReference; lastKnownFileType = image.png; name = "moon-big.png"; path = "../resources/moon-big.png"; sourceTree = "<group>"; };
		49BFFDA11A08A727009085F3 /* moon.png */ = {isa = PBXFileReference; lastKnownFileType = image.png; name = moon.png; path = ../resources/moon.png; sourceTree = "<group>"; };
		49C8F2801A0DD15100AE0DF4 /* Ship.cpp */ = {isa = PBXFileReference; fileEncoding = 4; lastKnownFileType = sourcecode.cpp.cpp; name = Ship.cpp; path = ../src/Ship.cpp; sourceTree = "<group>"; };
		49C8F2831A0DD1A500AE0DF4 /* Ship.h */ = {isa = PBXFileReference; fileEncoding = 4; lastKnownFileType = sourcecode.c.h; name = Ship.h; path = ../include/Ship.h; sourceTree = "<group>"; };
		49FBDEF31A03FB5F0019CAB2 /* usa.png */ = {isa = PBXFileReference; lastKnownFileType = image.png; name = usa.png; path = ../resources/usa.png; sourceTree = "<group>"; };
		526114993F034EFEAD0FF5B3 /* CinderApp.icns */ = {isa = PBXFileReference; lastKnownFileType = image.icns; name = CinderApp.icns; path = ../resources/CinderApp.icns; sourceTree = "<group>"; };
		5323E6B10EAFCA74003A9687 /* CoreVideo.framework */ = {isa = PBXFileReference; lastKnownFileType = wrapper.framework; name = CoreVideo.framework; path = /System/Library/Frameworks/CoreVideo.framework; sourceTree = "<absolute>"; };
		5323E6B50EAFCA7E003A9687 /* QTKit.framework */ = {isa = PBXFileReference; lastKnownFileType = wrapper.framework; name = QTKit.framework; path = /System/Library/Frameworks/QTKit.framework; sourceTree = "<absolute>"; };
		53A9217A3EE34D10A08774F0 /* AlienLander_Prefix.pch */ = {isa = PBXFileReference; lastKnownFileType = "\"\""; path = AlienLander_Prefix.pch; sourceTree = "<group>"; };
		5F6D634E1A53193E001004EC /* frag.glsl */ = {isa = PBXFileReference; fileEncoding = 4; lastKnownFileType = text; name = frag.glsl; path = ../resources/frag.glsl; sourceTree = "<group>"; };
		5F6D634F1A53193E001004EC /* usa-square.png */ = {isa = PBXFileReference; lastKnownFileType = image.png; name = "usa-square.png"; path = "../resources/usa-square.png"; sourceTree = "<group>"; };
		5F6D63501A53193E001004EC /* vert.glsl */ = {isa = PBXFileReference; fileEncoding = 4; lastKnownFileType = text; name = vert.glsl; path = ../resources/vert.glsl; sourceTree = "<group>"; };
		5F72461D1C2C8D0300D11BC0 /* segment.frag */ = {isa = PBXFileReference; fileEncoding = 4; lastKnownFileType = sourcecode.glsl; name = segment.frag; path = ../resources/segment.frag; sourceTree = "<group>"; };
		5F72461E1C2C8D0300D11BC0 /* segment.vert */ = {isa = PBXFileReference; fileEncoding = 4; lastKnownFileType = sourcecode.glsl; name = segment.vert; path = ../resources/segment.vert; sourceTree = "<group>"; };
		5FD5594A1A5A5C7800C1532E /* AlienLander.profdata */ = {isa = PBXFileReference; lastKnownFileType = file; path = AlienLander.profdata; sourceTree = "<group>"; };
		6CA7596354C54D97914CCD89 /* Info.plist */ = {isa = PBXFileReference; lastKnownFileType = text.plist.xml; path = Info.plist; sourceTree = "<group>"; };
		8D1107320486CEB800E47090 /* AlienLander.app */ = {isa = PBXFileReference; explicitFileType = wrapper.application; includeInIndex = 0; path = AlienLander.app; sourceTree = BUILT_PRODUCTS_DIR; };
		FF73BB1805134F7BB644E5AA /* AlienLanderApp.cpp */ = {isa = PBXFileReference; lastKnownFileType = sourcecode.c.cpp; name = AlienLanderApp.cpp; path = ../src/AlienLanderApp.cpp; sourceTree = "<group>"; usesTabs = 0; };
/* End PBXFileReference section */

/* Begin PBXFrameworksBuildPhase section */
		8D11072E0486CEB800E47090 /* Frameworks */ = {
			isa = PBXFrameworksBuildPhase;
			buildActionMask = 2147483647;
			files = (
				49AEF2AF1BCA11B900BDBD68 /* CoreMedia.framework in Frameworks */,
				49AEF2AD1BCA11B000BDBD68 /* AVFoundation.framework in Frameworks */,
				49AEF2AB1BCA11A800BDBD68 /* IOKit.framework in Frameworks */,
				49AEF2A91BCA119E00BDBD68 /* IOSurface.framework in Frameworks */,
				8D11072F0486CEB800E47090 /* Cocoa.framework in Frameworks */,
				0091D8F90E81B9330029341E /* OpenGL.framework in Frameworks */,
				5323E6B20EAFCA74003A9687 /* CoreVideo.framework in Frameworks */,
				00B784B30FF439BC000DE1D7 /* Accelerate.framework in Frameworks */,
				00B784B40FF439BC000DE1D7 /* AudioToolbox.framework in Frameworks */,
				00B784B50FF439BC000DE1D7 /* AudioUnit.framework in Frameworks */,
				00B784B60FF439BC000DE1D7 /* CoreAudio.framework in Frameworks */,
			);
			runOnlyForDeploymentPostprocessing = 0;
		};
/* End PBXFrameworksBuildPhase section */

/* Begin PBXGroup section */
		01B97315FEAEA392516A2CEA /* Blocks */ = {
			isa = PBXGroup;
			children = (
			);
			name = Blocks;
			sourceTree = "<group>";
		};
		080E96DDFE201D6D7F000001 /* Source */ = {
			isa = PBXGroup;
			children = (
				FF73BB1805134F7BB644E5AA /* AlienLanderApp.cpp */,
				498566421A0C917B00A76295 /* SegmentDisplay.cpp */,
				49C8F2801A0DD15100AE0DF4 /* Ship.cpp */,
			);
			name = Source;
			sourceTree = "<group>";
		};
		1058C7A0FEA54F0111CA2CBB /* Linked Frameworks */ = {
			isa = PBXGroup;
			children = (
				49AEF2AE1BCA11B900BDBD68 /* CoreMedia.framework */,
				49AEF2AC1BCA11B000BDBD68 /* AVFoundation.framework */,
				49AEF2AA1BCA11A800BDBD68 /* IOKit.framework */,
				49AEF2A81BCA119E00BDBD68 /* IOSurface.framework */,
				00B784AF0FF439BC000DE1D7 /* Accelerate.framework */,
				00B784B00FF439BC000DE1D7 /* AudioToolbox.framework */,
				00B784B10FF439BC000DE1D7 /* AudioUnit.framework */,
				00B784B20FF439BC000DE1D7 /* CoreAudio.framework */,
				5323E6B50EAFCA7E003A9687 /* QTKit.framework */,
				5323E6B10EAFCA74003A9687 /* CoreVideo.framework */,
				0091D8F80E81B9330029341E /* OpenGL.framework */,
				1058C7A1FEA54F0111CA2CBB /* Cocoa.framework */,
			);
			name = "Linked Frameworks";
			sourceTree = "<group>";
		};
		1058C7A2FEA54F0111CA2CBB /* Other Frameworks */ = {
			isa = PBXGroup;
			children = (
				29B97324FDCFA39411CA2CEA /* AppKit.framework */,
				29B97325FDCFA39411CA2CEA /* Foundation.framework */,
			);
			name = "Other Frameworks";
			sourceTree = "<group>";
		};
		19C28FACFE9D520D11CA2CBB /* Products */ = {
			isa = PBXGroup;
			children = (
				8D1107320486CEB800E47090 /* AlienLander.app */,
			);
			name = Products;
			sourceTree = "<group>";
		};
		29B97314FDCFA39411CA2CEA /* AlienLander */ = {
			isa = PBXGroup;
			children = (
				01B97315FEAEA392516A2CEA /* Blocks */,
				29B97315FDCFA39411CA2CEA /* Headers */,
				080E96DDFE201D6D7F000001 /* Source */,
				29B97317FDCFA39411CA2CEA /* Resources */,
				29B97323FDCFA39411CA2CEA /* Frameworks */,
				19C28FACFE9D520D11CA2CBB /* Products */,
				5FD559491A5A5C7800C1532E /* OptimizationProfiles */,
			);
			name = AlienLander;
			sourceTree = "<group>";
			usesTabs = 0;
		};
		29B97315FDCFA39411CA2CEA /* Headers */ = {
			isa = PBXGroup;
			children = (
				53A9217A3EE34D10A08774F0 /* AlienLander_Prefix.pch */,
				191AC45670D244B4BECCEE81 /* Resources.h */,
				498566411A0C917100A76295 /* SegmentDisplay.h */,
				49C8F2831A0DD1A500AE0DF4 /* Ship.h */,
			);
			name = Headers;
			sourceTree = "<group>";
		};
		29B97317FDCFA39411CA2CEA /* Resources */ = {
			isa = PBXGroup;
			children = (
				5F72461D1C2C8D0300D11BC0 /* segment.frag */,
				5F72461E1C2C8D0300D11BC0 /* segment.vert */,
				5F6D634F1A53193E001004EC /* usa-square.png */,
				5F6D63501A53193E001004EC /* vert.glsl */,
				5F6D634E1A53193E001004EC /* frag.glsl */,
				49BFFDA01A08A727009085F3 /* moon-big.png */,
				49BFFDA11A08A727009085F3 /* moon.png */,
				49BFFD9E1A08A24E009085F3 /* usa-full.png */,
				49FBDEF31A03FB5F0019CAB2 /* usa.png */,
				526114993F034EFEAD0FF5B3 /* CinderApp.icns */,
				6CA7596354C54D97914CCD89 /* Info.plist */,
			);
			name = Resources;
			sourceTree = "<group>";
		};
		29B97323FDCFA39411CA2CEA /* Frameworks */ = {
			isa = PBXGroup;
			children = (
				1058C7A0FEA54F0111CA2CBB /* Linked Frameworks */,
				1058C7A2FEA54F0111CA2CBB /* Other Frameworks */,
			);
			name = Frameworks;
			sourceTree = "<group>";
		};
		5FD559491A5A5C7800C1532E /* OptimizationProfiles */ = {
			isa = PBXGroup;
			children = (
				5FD5594A1A5A5C7800C1532E /* AlienLander.profdata */,
			);
			path = OptimizationProfiles;
			sourceTree = "<group>";
		};
/* End PBXGroup section */

/* Begin PBXNativeTarget section */
		8D1107260486CEB800E47090 /* AlienLander */ = {
			isa = PBXNativeTarget;
			buildConfigurationList = C01FCF4A08A954540054247B /* Build configuration list for PBXNativeTarget "AlienLander" */;
			buildPhases = (
				8D1107290486CEB800E47090 /* Resources */,
				8D11072C0486CEB800E47090 /* Sources */,
				8D11072E0486CEB800E47090 /* Frameworks */,
			);
			buildRules = (
			);
			dependencies = (
			);
			name = AlienLander;
			productInstallPath = "$(HOME)/Applications";
			productName = AlienLander;
			productReference = 8D1107320486CEB800E47090 /* AlienLander.app */;
			productType = "com.apple.product-type.application";
		};
/* End PBXNativeTarget section */

/* Begin PBXProject section */
		29B97313FDCFA39411CA2CEA /* Project object */ = {
			isa = PBXProject;
			attributes = {
				LastUpgradeCheck = 0700;
			};
			buildConfigurationList = C01FCF4E08A954540054247B /* Build configuration list for PBXProject "AlienLander" */;
			compatibilityVersion = "Xcode 3.2";
			developmentRegion = English;
			hasScannedForEncodings = 1;
			knownRegions = (
				English,
				Japanese,
				French,
				German,
			);
			mainGroup = 29B97314FDCFA39411CA2CEA /* AlienLander */;
			projectDirPath = "";
			projectRoot = "";
			targets = (
				8D1107260486CEB800E47090 /* AlienLander */,
			);
		};
/* End PBXProject section */

/* Begin PBXResourcesBuildPhase section */
		8D1107290486CEB800E47090 /* Resources */ = {
			isa = PBXResourcesBuildPhase;
			buildActionMask = 2147483647;
			files = (
				5F6D63521A53193E001004EC /* usa-square.png in Resources */,
				5F72461F1C2C8D0300D11BC0 /* segment.frag in Resources */,
				2D2A5A2BC34D4ADF8C548077 /* CinderApp.icns in Resources */,
				5F7246201C2C8D0300D11BC0 /* segment.vert in Resources */,
				49FBDEF41A03FB5F0019CAB2 /* usa.png in Resources */,
				5F6D63531A53193E001004EC /* vert.glsl in Resources */,
				5F6D63511A53193E001004EC /* frag.glsl in Resources */,
			);
			runOnlyForDeploymentPostprocessing = 0;
		};
/* End PBXResourcesBuildPhase section */

/* Begin PBXSourcesBuildPhase section */
		8D11072C0486CEB800E47090 /* Sources */ = {
			isa = PBXSourcesBuildPhase;
			buildActionMask = 2147483647;
			files = (
				49C8F2821A0DD15100AE0DF4 /* Ship.cpp in Sources */,
				498566431A0C917B00A76295 /* SegmentDisplay.cpp in Sources */,
				C42E9BA72DCF4A808AD3154F /* AlienLanderApp.cpp in Sources */,
			);
			runOnlyForDeploymentPostprocessing = 0;
		};
/* End PBXSourcesBuildPhase section */

/* Begin XCBuildConfiguration section */
		C01FCF4B08A954540054247B /* Debug */ = {
			isa = XCBuildConfiguration;
			buildSettings = {
				COMBINE_HIDPI_IMAGES = YES;
				COPY_PHASE_STRIP = NO;
				DEAD_CODE_STRIPPING = YES;
				GCC_DYNAMIC_NO_PIC = NO;
				GCC_INLINES_ARE_PRIVATE_EXTERN = YES;
				GCC_OPTIMIZATION_LEVEL = 0;
				GCC_PRECOMPILE_PREFIX_HEADER = YES;
				GCC_PREFIX_HEADER = AlienLander_Prefix.pch;
				GCC_PREPROCESSOR_DEFINITIONS = (
					"DEBUG=1",
					"$(inherited)",
				);
				GCC_SYMBOLS_PRIVATE_EXTERN = NO;
				INFOPLIST_FILE = Info.plist;
				INSTALL_PATH = "$(HOME)/Applications";
				OTHER_LDFLAGS = "\"$(CINDER_PATH)/lib/libcinder_d.a\"";
				PRODUCT_BUNDLE_IDENTIFIER = "org.libcinder.${PRODUCT_NAME:rfc1034identifier}";
				PRODUCT_NAME = AlienLander;
				SYMROOT = ./build;
				WRAPPER_EXTENSION = app;
			};
			name = Debug;
		};
		C01FCF4C08A954540054247B /* Release */ = {
			isa = XCBuildConfiguration;
			buildSettings = {
				CLANG_USE_OPTIMIZATION_PROFILE = YES;
				COMBINE_HIDPI_IMAGES = YES;
				DEAD_CODE_STRIPPING = YES;
				DEBUG_INFORMATION_FORMAT = "dwarf-with-dsym";
				GCC_FAST_MATH = YES;
				GCC_GENERATE_DEBUGGING_SYMBOLS = NO;
				GCC_INLINES_ARE_PRIVATE_EXTERN = YES;
				GCC_OPTIMIZATION_LEVEL = 3;
				GCC_PRECOMPILE_PREFIX_HEADER = YES;
				GCC_PREFIX_HEADER = AlienLander_Prefix.pch;
				GCC_PREPROCESSOR_DEFINITIONS = (
					"NDEBUG=1",
					"$(inherited)",
				);
				GCC_SYMBOLS_PRIVATE_EXTERN = NO;
				INFOPLIST_FILE = Info.plist;
				INSTALL_PATH = "$(HOME)/Applications";
				OTHER_LDFLAGS = "\"$(CINDER_PATH)/lib/libcinder.a\"";
				PRODUCT_BUNDLE_IDENTIFIER = "org.libcinder.${PRODUCT_NAME:rfc1034identifier}";
				PRODUCT_NAME = AlienLander;
				STRIP_INSTALLED_PRODUCT = YES;
				SYMROOT = ./build;
				WRAPPER_EXTENSION = app;
			};
			name = Release;
		};
		C01FCF4F08A954540054247B /* Debug */ = {
			isa = XCBuildConfiguration;
			buildSettings = {
				ALWAYS_SEARCH_USER_PATHS = NO;
				CINDER_PATH = ../../Cinder;
				CLANG_CXX_LANGUAGE_STANDARD = "c++0x";
				CLANG_CXX_LIBRARY = "libc++";
				ENABLE_TESTABILITY = YES;
				GCC_WARN_ABOUT_RETURN_TYPE = YES;
				GCC_WARN_UNUSED_VARIABLE = YES;
				HEADER_SEARCH_PATHS = "\"$(CINDER_PATH)/include/\"";
				MACOSX_DEPLOYMENT_TARGET = 10.7;
				ONLY_ACTIVE_ARCH = YES;
				SDKROOT = macosx;
				USER_HEADER_SEARCH_PATHS = "\"$(CINDER_PATH)/include\" ../include";
			};
			name = Debug;
		};
		C01FCF5008A954540054247B /* Release */ = {
			isa = XCBuildConfiguration;
			buildSettings = {
				ALWAYS_SEARCH_USER_PATHS = NO;
				CINDER_PATH = ../../Cinder;
				CLANG_CXX_LANGUAGE_STANDARD = "c++0x";
				CLANG_CXX_LIBRARY = "libc++";
				GCC_WARN_ABOUT_RETURN_TYPE = YES;
				GCC_WARN_UNUSED_VARIABLE = YES;
				HEADER_SEARCH_PATHS = "\"$(CINDER_PATH)/include/\"";
				MACOSX_DEPLOYMENT_TARGET = 10.7;
				SDKROOT = macosx;
				USER_HEADER_SEARCH_PATHS = "\"$(CINDER_PATH)/include\" ../include";
			};
			name = Release;
		};
/* End XCBuildConfiguration section */

/* Begin XCConfigurationList section */
		C01FCF4A08A954540054247B /* Build configuration list for PBXNativeTarget "AlienLander" */ = {
			isa = XCConfigurationList;
			buildConfigurations = (
				C01FCF4B08A954540054247B /* Debug */,
				C01FCF4C08A954540054247B /* Release */,
			);
			defaultConfigurationIsVisible = 0;
			defaultConfigurationName = Release;
		};
		C01FCF4E08A954540054247B /* Build configuration list for PBXProject "AlienLander" */ = {
			isa = XCConfigurationList;
			buildConfigurations = (
				C01FCF4F08A954540054247B /* Debug */,
				C01FCF5008A954540054247B /* Release */,
			);
			defaultConfigurationIsVisible = 0;
			defaultConfigurationName = Release;
		};
/* End XCConfigurationList section */
	};
	rootObject = 29B97313FDCFA39411CA2CEA /* Project object */;
}
